// !$*UTF8*$!
{
	archiveVersion = 1;
	classes = {
	};
	objectVersion = 46;
	objects = {

/* Begin PBXBuildFile section */
		6354BB761F09259800EC1F5D /* AppDelegate.swift in Sources */ = {isa = PBXBuildFile; fileRef = 6354BB751F09259800EC1F5D /* AppDelegate.swift */; };
		6354BB781F09259800EC1F5D /* ViewController.swift in Sources */ = {isa = PBXBuildFile; fileRef = 6354BB771F09259800EC1F5D /* ViewController.swift */; };
		6354BB7B1F09259800EC1F5D /* Main.storyboard in Resources */ = {isa = PBXBuildFile; fileRef = 6354BB791F09259800EC1F5D /* Main.storyboard */; };
		6354BB7E1F09259800EC1F5D /* NygmaRose_Beauty_Shop.xcdatamodeld in Sources */ = {isa = PBXBuildFile; fileRef = 6354BB7C1F09259800EC1F5D /* NygmaRose_Beauty_Shop.xcdatamodeld */; };
		6354BB801F09259800EC1F5D /* Assets.xcassets in Resources */ = {isa = PBXBuildFile; fileRef = 6354BB7F1F09259800EC1F5D /* Assets.xcassets */; };
		6354BB831F09259800EC1F5D /* LaunchScreen.storyboard in Resources */ = {isa = PBXBuildFile; fileRef = 6354BB811F09259800EC1F5D /* LaunchScreen.storyboard */; };
		6354BB8E1F09259800EC1F5D /* NygmaRose_Beauty_ShopTests.swift in Sources */ = {isa = PBXBuildFile; fileRef = 6354BB8D1F09259800EC1F5D /* NygmaRose_Beauty_ShopTests.swift */; };
		6354BB991F09259800EC1F5D /* NygmaRose_Beauty_ShopUITests.swift in Sources */ = {isa = PBXBuildFile; fileRef = 6354BB981F09259800EC1F5D /* NygmaRose_Beauty_ShopUITests.swift */; };
/* End PBXBuildFile section */

/* Begin PBXContainerItemProxy section */
		6354BB8A1F09259800EC1F5D /* PBXContainerItemProxy */ = {
			isa = PBXContainerItemProxy;
			containerPortal = 6354BB6A1F09259800EC1F5D /* Project object */;
			proxyType = 1;
			remoteGlobalIDString = 6354BB711F09259800EC1F5D;
			remoteInfo = "NygmaRose Beauty Shop";
		};
		6354BB951F09259800EC1F5D /* PBXContainerItemProxy */ = {
			isa = PBXContainerItemProxy;
			containerPortal = 6354BB6A1F09259800EC1F5D /* Project object */;
			proxyType = 1;
			remoteGlobalIDString = 6354BB711F09259800EC1F5D;
			remoteInfo = "NygmaRose Beauty Shop";
		};
/* End PBXContainerItemProxy section */

/* Begin PBXFileReference section */
		6354BB721F09259800EC1F5D /* NygmaRose Beauty Shop.app */ = {isa = PBXFileReference; explicitFileType = wrapper.application; includeInIndex = 0; path = "NygmaRose Beauty Shop.app"; sourceTree = BUILT_PRODUCTS_DIR; };
		6354BB751F09259800EC1F5D /* AppDelegate.swift */ = {isa = PBXFileReference; lastKnownFileType = sourcecode.swift; path = AppDelegate.swift; sourceTree = "<group>"; };
		6354BB771F09259800EC1F5D /* ViewController.swift */ = {isa = PBXFileReference; lastKnownFileType = sourcecode.swift; path = ViewController.swift; sourceTree = "<group>"; };
		6354BB7A1F09259800EC1F5D /* Base */ = {isa = PBXFileReference; lastKnownFileType = file.storyboard; name = Base; path = Base.lproj/Main.storyboard; sourceTree = "<group>"; };
		6354BB7D1F09259800EC1F5D /* NygmaRose_Beauty_Shop.xcdatamodel */ = {isa = PBXFileReference; lastKnownFileType = wrapper.xcdatamodel; path = NygmaRose_Beauty_Shop.xcdatamodel; sourceTree = "<group>"; };
		6354BB7F1F09259800EC1F5D /* Assets.xcassets */ = {isa = PBXFileReference; lastKnownFileType = folder.assetcatalog; path = Assets.xcassets; sourceTree = "<group>"; };
		6354BB821F09259800EC1F5D /* Base */ = {isa = PBXFileReference; lastKnownFileType = file.storyboard; name = Base; path = Base.lproj/LaunchScreen.storyboard; sourceTree = "<group>"; };
		6354BB841F09259800EC1F5D /* Info.plist */ = {isa = PBXFileReference; lastKnownFileType = text.plist.xml; path = Info.plist; sourceTree = "<group>"; };
		6354BB891F09259800EC1F5D /* NygmaRose Beauty ShopTests.xctest */ = {isa = PBXFileReference; explicitFileType = wrapper.cfbundle; includeInIndex = 0; path = "NygmaRose Beauty ShopTests.xctest"; sourceTree = BUILT_PRODUCTS_DIR; };
		6354BB8D1F09259800EC1F5D /* NygmaRose_Beauty_ShopTests.swift */ = {isa = PBXFileReference; lastKnownFileType = sourcecode.swift; path = NygmaRose_Beauty_ShopTests.swift; sourceTree = "<group>"; };
		6354BB8F1F09259800EC1F5D /* Info.plist */ = {isa = PBXFileReference; lastKnownFileType = text.plist.xml; path = Info.plist; sourceTree = "<group>"; };
		6354BB941F09259800EC1F5D /* NygmaRose Beauty ShopUITests.xctest */ = {isa = PBXFileReference; explicitFileType = wrapper.cfbundle; includeInIndex = 0; path = "NygmaRose Beauty ShopUITests.xctest"; sourceTree = BUILT_PRODUCTS_DIR; };
		6354BB981F09259800EC1F5D /* NygmaRose_Beauty_ShopUITests.swift */ = {isa = PBXFileReference; lastKnownFileType = sourcecode.swift; path = NygmaRose_Beauty_ShopUITests.swift; sourceTree = "<group>"; };
		6354BB9A1F09259800EC1F5D /* Info.plist */ = {isa = PBXFileReference; lastKnownFileType = text.plist.xml; path = Info.plist; sourceTree = "<group>"; };
/* End PBXFileReference section */

/* Begin PBXFrameworksBuildPhase section */
		6354BB6F1F09259800EC1F5D /* Frameworks */ = {
			isa = PBXFrameworksBuildPhase;
			buildActionMask = 2147483647;
			files = (
			);
			runOnlyForDeploymentPostprocessing = 0;
		};
		6354BB861F09259800EC1F5D /* Frameworks */ = {
			isa = PBXFrameworksBuildPhase;
			buildActionMask = 2147483647;
			files = (
			);
			runOnlyForDeploymentPostprocessing = 0;
		};
		6354BB911F09259800EC1F5D /* Frameworks */ = {
			isa = PBXFrameworksBuildPhase;
			buildActionMask = 2147483647;
			files = (
			);
			runOnlyForDeploymentPostprocessing = 0;
		};
/* End PBXFrameworksBuildPhase section */

/* Begin PBXGroup section */
		6354BB691F09259800EC1F5D = {
			isa = PBXGroup;
			children = (
				6354BB741F09259800EC1F5D /* NygmaRose Beauty Shop */,
				6354BB8C1F09259800EC1F5D /* NygmaRose Beauty ShopTests */,
				6354BB971F09259800EC1F5D /* NygmaRose Beauty ShopUITests */,
				6354BB731F09259800EC1F5D /* Products */,
			);
			sourceTree = "<group>";
		};
		6354BB731F09259800EC1F5D /* Products */ = {
			isa = PBXGroup;
			children = (
				6354BB721F09259800EC1F5D /* NygmaRose Beauty Shop.app */,
				6354BB891F09259800EC1F5D /* NygmaRose Beauty ShopTests.xctest */,
				6354BB941F09259800EC1F5D /* NygmaRose Beauty ShopUITests.xctest */,
			);
			name = Products;
			sourceTree = "<group>";
		};
		6354BB741F09259800EC1F5D /* NygmaRose Beauty Shop */ = {
			isa = PBXGroup;
			children = (
				6354BB751F09259800EC1F5D /* AppDelegate.swift */,
				6354BB771F09259800EC1F5D /* ViewController.swift */,
				6354BB791F09259800EC1F5D /* Main.storyboard */,
				6354BB7F1F09259800EC1F5D /* Assets.xcassets */,
				6354BB811F09259800EC1F5D /* LaunchScreen.storyboard */,
				6354BB841F09259800EC1F5D /* Info.plist */,
				6354BB7C1F09259800EC1F5D /* NygmaRose_Beauty_Shop.xcdatamodeld */,
			);
			path = "NygmaRose Beauty Shop";
			sourceTree = "<group>";
		};
		6354BB8C1F09259800EC1F5D /* NygmaRose Beauty ShopTests */ = {
			isa = PBXGroup;
			children = (
				6354BB8D1F09259800EC1F5D /* NygmaRose_Beauty_ShopTests.swift */,
				6354BB8F1F09259800EC1F5D /* Info.plist */,
			);
			path = "NygmaRose Beauty ShopTests";
			sourceTree = "<group>";
		};
		6354BB971F09259800EC1F5D /* NygmaRose Beauty ShopUITests */ = {
			isa = PBXGroup;
			children = (
				6354BB981F09259800EC1F5D /* NygmaRose_Beauty_ShopUITests.swift */,
				6354BB9A1F09259800EC1F5D /* Info.plist */,
			);
			path = "NygmaRose Beauty ShopUITests";
			sourceTree = "<group>";
		};
/* End PBXGroup section */

/* Begin PBXNativeTarget section */
		6354BB711F09259800EC1F5D /* NygmaRose Beauty Shop */ = {
			isa = PBXNativeTarget;
			buildConfigurationList = 6354BB9D1F09259800EC1F5D /* Build configuration list for PBXNativeTarget "NygmaRose Beauty Shop" */;
			buildPhases = (
				6354BB6E1F09259800EC1F5D /* Sources */,
				6354BB6F1F09259800EC1F5D /* Frameworks */,
				6354BB701F09259800EC1F5D /* Resources */,
			);
			buildRules = (
			);
			dependencies = (
			);
			name = "NygmaRose Beauty Shop";
			productName = "NygmaRose Beauty Shop";
			productReference = 6354BB721F09259800EC1F5D /* NygmaRose Beauty Shop.app */;
			productType = "com.apple.product-type.application";
		};
		6354BB881F09259800EC1F5D /* NygmaRose Beauty ShopTests */ = {
			isa = PBXNativeTarget;
			buildConfigurationList = 6354BBA01F09259800EC1F5D /* Build configuration list for PBXNativeTarget "NygmaRose Beauty ShopTests" */;
			buildPhases = (
				6354BB851F09259800EC1F5D /* Sources */,
				6354BB861F09259800EC1F5D /* Frameworks */,
				6354BB871F09259800EC1F5D /* Resources */,
			);
			buildRules = (
			);
			dependencies = (
				6354BB8B1F09259800EC1F5D /* PBXTargetDependency */,
			);
			name = "NygmaRose Beauty ShopTests";
			productName = "NygmaRose Beauty ShopTests";
			productReference = 6354BB891F09259800EC1F5D /* NygmaRose Beauty ShopTests.xctest */;
			productType = "com.apple.product-type.bundle.unit-test";
		};
		6354BB931F09259800EC1F5D /* NygmaRose Beauty ShopUITests */ = {
			isa = PBXNativeTarget;
			buildConfigurationList = 6354BBA31F09259800EC1F5D /* Build configuration list for PBXNativeTarget "NygmaRose Beauty ShopUITests" */;
			buildPhases = (
				6354BB901F09259800EC1F5D /* Sources */,
				6354BB911F09259800EC1F5D /* Frameworks */,
				6354BB921F09259800EC1F5D /* Resources */,
			);
			buildRules = (
			);
			dependencies = (
				6354BB961F09259800EC1F5D /* PBXTargetDependency */,
			);
			name = "NygmaRose Beauty ShopUITests";
			productName = "NygmaRose Beauty ShopUITests";
			productReference = 6354BB941F09259800EC1F5D /* NygmaRose Beauty ShopUITests.xctest */;
			productType = "com.apple.product-type.bundle.ui-testing";
		};
/* End PBXNativeTarget section */

/* Begin PBXProject section */
		6354BB6A1F09259800EC1F5D /* Project object */ = {
			isa = PBXProject;
			attributes = {
				LastSwiftUpdateCheck = 0830;
				LastUpgradeCheck = 0830;
				ORGANIZATIONNAME = "NygmaRose Beauty";
				TargetAttributes = {
					6354BB711F09259800EC1F5D = {
						CreatedOnToolsVersion = 8.3.3;
						ProvisioningStyle = Automatic;
					};
					6354BB881F09259800EC1F5D = {
						CreatedOnToolsVersion = 8.3.3;
						ProvisioningStyle = Automatic;
						TestTargetID = 6354BB711F09259800EC1F5D;
					};
					6354BB931F09259800EC1F5D = {
						CreatedOnToolsVersion = 8.3.3;
						ProvisioningStyle = Automatic;
						TestTargetID = 6354BB711F09259800EC1F5D;
					};
				};
			};
			buildConfigurationList = 6354BB6D1F09259800EC1F5D /* Build configuration list for PBXProject "NygmaRose Beauty Shop" */;
			compatibilityVersion = "Xcode 3.2";
			developmentRegion = English;
			hasScannedForEncodings = 0;
			knownRegions = (
				en,
				Base,
			);
			mainGroup = 6354BB691F09259800EC1F5D;
			productRefGroup = 6354BB731F09259800EC1F5D /* Products */;
			projectDirPath = "";
			projectRoot = "";
			targets = (
				6354BB711F09259800EC1F5D /* NygmaRose Beauty Shop */,
				6354BB881F09259800EC1F5D /* NygmaRose Beauty ShopTests */,
				6354BB931F09259800EC1F5D /* NygmaRose Beauty ShopUITests */,
			);
		};
/* End PBXProject section */

/* Begin PBXResourcesBuildPhase section */
		6354BB701F09259800EC1F5D /* Resources */ = {
			isa = PBXResourcesBuildPhase;
			buildActionMask = 2147483647;
			files = (
				6354BB831F09259800EC1F5D /* LaunchScreen.storyboard in Resources */,
				6354BB801F09259800EC1F5D /* Assets.xcassets in Resources */,
				6354BB7B1F09259800EC1F5D /* Main.storyboard in Resources */,
			);
			runOnlyForDeploymentPostprocessing = 0;
		};
		6354BB871F09259800EC1F5D /* Resources */ = {
			isa = PBXResourcesBuildPhase;
			buildActionMask = 2147483647;
			files = (
			);
			runOnlyForDeploymentPostprocessing = 0;
		};
		6354BB921F09259800EC1F5D /* Resources */ = {
			isa = PBXResourcesBuildPhase;
			buildActionMask = 2147483647;
			files = (
			);
			runOnlyForDeploymentPostprocessing = 0;
		};
/* End PBXResourcesBuildPhase section */

/* Begin PBXSourcesBuildPhase section */
		6354BB6E1F09259800EC1F5D /* Sources */ = {
			isa = PBXSourcesBuildPhase;
			buildActionMask = 2147483647;
			files = (
				6354BB7E1F09259800EC1F5D /* NygmaRose_Beauty_Shop.xcdatamodeld in Sources */,
				6354BB781F09259800EC1F5D /* ViewController.swift in Sources */,
				6354BB761F09259800EC1F5D /* AppDelegate.swift in Sources */,
			);
			runOnlyForDeploymentPostprocessing = 0;
		};
		6354BB851F09259800EC1F5D /* Sources */ = {
			isa = PBXSourcesBuildPhase;
			buildActionMask = 2147483647;
			files = (
				6354BB8E1F09259800EC1F5D /* NygmaRose_Beauty_ShopTests.swift in Sources */,
			);
			runOnlyForDeploymentPostprocessing = 0;
		};
		6354BB901F09259800EC1F5D /* Sources */ = {
			isa = PBXSourcesBuildPhase;
			buildActionMask = 2147483647;
			files = (
				6354BB991F09259800EC1F5D /* NygmaRose_Beauty_ShopUITests.swift in Sources */,
			);
			runOnlyForDeploymentPostprocessing = 0;
		};
/* End PBXSourcesBuildPhase section */

/* Begin PBXTargetDependency section */
		6354BB8B1F09259800EC1F5D /* PBXTargetDependency */ = {
			isa = PBXTargetDependency;
			target = 6354BB711F09259800EC1F5D /* NygmaRose Beauty Shop */;
			targetProxy = 6354BB8A1F09259800EC1F5D /* PBXContainerItemProxy */;
		};
		6354BB961F09259800EC1F5D /* PBXTargetDependency */ = {
			isa = PBXTargetDependency;
			target = 6354BB711F09259800EC1F5D /* NygmaRose Beauty Shop */;
			targetProxy = 6354BB951F09259800EC1F5D /* PBXContainerItemProxy */;
		};
/* End PBXTargetDependency section */

/* Begin PBXVariantGroup section */
		6354BB791F09259800EC1F5D /* Main.storyboard */ = {
			isa = PBXVariantGroup;
			children = (
				6354BB7A1F09259800EC1F5D /* Base */,
			);
			name = Main.storyboard;
			sourceTree = "<group>";
		};
		6354BB811F09259800EC1F5D /* LaunchScreen.storyboard */ = {
			isa = PBXVariantGroup;
			children = (
				6354BB821F09259800EC1F5D /* Base */,
			);
			name = LaunchScreen.storyboard;
			sourceTree = "<group>";
		};
/* End PBXVariantGroup section */

/* Begin XCBuildConfiguration section */
		6354BB9B1F09259800EC1F5D /* Debug */ = {
			isa = XCBuildConfiguration;
			buildSettings = {
				ALWAYS_SEARCH_USER_PATHS = NO;
				CLANG_ANALYZER_NONNULL = YES;
				CLANG_ANALYZER_NUMBER_OBJECT_CONVERSION = YES_AGGRESSIVE;
				CLANG_CXX_LANGUAGE_STANDARD = "gnu++0x";
				CLANG_CXX_LIBRARY = "libc++";
				CLANG_ENABLE_MODULES = YES;
				CLANG_ENABLE_OBJC_ARC = YES;
				CLANG_WARN_BOOL_CONVERSION = YES;
				CLANG_WARN_CONSTANT_CONVERSION = YES;
				CLANG_WARN_DIRECT_OBJC_ISA_USAGE = YES_ERROR;
				CLANG_WARN_DOCUMENTATION_COMMENTS = YES;
				CLANG_WARN_EMPTY_BODY = YES;
				CLANG_WARN_ENUM_CONVERSION = YES;
				CLANG_WARN_INFINITE_RECURSION = YES;
				CLANG_WARN_INT_CONVERSION = YES;
				CLANG_WARN_OBJC_ROOT_CLASS = YES_ERROR;
				CLANG_WARN_SUSPICIOUS_MOVE = YES;
				CLANG_WARN_UNREACHABLE_CODE = YES;
				CLANG_WARN__DUPLICATE_METHOD_MATCH = YES;
				"CODE_SIGN_IDENTITY[sdk=iphoneos*]" = "iPhone Developer";
				COPY_PHASE_STRIP = NO;
				DEBUG_INFORMATION_FORMAT = dwarf;
				ENABLE_STRICT_OBJC_MSGSEND = YES;
				ENABLE_TESTABILITY = YES;
				GCC_C_LANGUAGE_STANDARD = gnu99;
				GCC_DYNAMIC_NO_PIC = NO;
				GCC_NO_COMMON_BLOCKS = YES;
				GCC_OPTIMIZATION_LEVEL = 0;
				GCC_PREPROCESSOR_DEFINITIONS = (
					"DEBUG=1",
					"$(inherited)",
				);
				GCC_WARN_64_TO_32_BIT_CONVERSION = YES;
				GCC_WARN_ABOUT_RETURN_TYPE = YES_ERROR;
				GCC_WARN_UNDECLARED_SELECTOR = YES;
				GCC_WARN_UNINITIALIZED_AUTOS = YES_AGGRESSIVE;
				GCC_WARN_UNUSED_FUNCTION = YES;
				GCC_WARN_UNUSED_VARIABLE = YES;
				IPHONEOS_DEPLOYMENT_TARGET = 10.3;
				MTL_ENABLE_DEBUG_INFO = YES;
				ONLY_ACTIVE_ARCH = YES;
				SDKROOT = iphoneos;
				SWIFT_ACTIVE_COMPILATION_CONDITIONS = DEBUG;
				SWIFT_OPTIMIZATION_LEVEL = "-Onone";
				TARGETED_DEVICE_FAMILY = "1,2";
			};
			name = Debug;
		};
		6354BB9C1F09259800EC1F5D /* Release */ = {
			isa = XCBuildConfiguration;
			buildSettings = {
				ALWAYS_SEARCH_USER_PATHS = NO;
				CLANG_ANALYZER_NONNULL = YES;
				CLANG_ANALYZER_NUMBER_OBJECT_CONVERSION = YES_AGGRESSIVE;
				CLANG_CXX_LANGUAGE_STANDARD = "gnu++0x";
				CLANG_CXX_LIBRARY = "libc++";
				CLANG_ENABLE_MODULES = YES;
				CLANG_ENABLE_OBJC_ARC = YES;
				CLANG_WARN_BOOL_CONVERSION = YES;
				CLANG_WARN_CONSTANT_CONVERSION = YES;
				CLANG_WARN_DIRECT_OBJC_ISA_USAGE = YES_ERROR;
				CLANG_WARN_DOCUMENTATION_COMMENTS = YES;
				CLANG_WARN_EMPTY_BODY = YES;
				CLANG_WARN_ENUM_CONVERSION = YES;
				CLANG_WARN_INFINITE_RECURSION = YES;
				CLANG_WARN_INT_CONVERSION = YES;
				CLANG_WARN_OBJC_ROOT_CLASS = YES_ERROR;
				CLANG_WARN_SUSPICIOUS_MOVE = YES;
				CLANG_WARN_UNREACHABLE_CODE = YES;
				CLANG_WARN__DUPLICATE_METHOD_MATCH = YES;
				"CODE_SIGN_IDENTITY[sdk=iphoneos*]" = "iPhone Developer";
				COPY_PHASE_STRIP = NO;
				DEBUG_INFORMATION_FORMAT = "dwarf-with-dsym";
				ENABLE_NS_ASSERTIONS = NO;
				ENABLE_STRICT_OBJC_MSGSEND = YES;
				GCC_C_LANGUAGE_STANDARD = gnu99;
				GCC_NO_COMMON_BLOCKS = YES;
				GCC_WARN_64_TO_32_BIT_CONVERSION = YES;
				GCC_WARN_ABOUT_RETURN_TYPE = YES_ERROR;
				GCC_WARN_UNDECLARED_SELECTOR = YES;
				GCC_WARN_UNINITIALIZED_AUTOS = YES_AGGRESSIVE;
				GCC_WARN_UNUSED_FUNCTION = YES;
				GCC_WARN_UNUSED_VARIABLE = YES;
				IPHONEOS_DEPLOYMENT_TARGET = 10.3;
				MTL_ENABLE_DEBUG_INFO = NO;
				SDKROOT = iphoneos;
				SWIFT_OPTIMIZATION_LEVEL = "-Owholemodule";
				TARGETED_DEVICE_FAMILY = "1,2";
				VALIDATE_PRODUCT = YES;
			};
			name = Release;
		};
		6354BB9E1F09259800EC1F5D /* Debug */ = {
			isa = XCBuildConfiguration;
			buildSettings = {
				ASSETCATALOG_COMPILER_APPICON_NAME = AppIcon;
				INFOPLIST_FILE = "NygmaRose Beauty Shop/Info.plist";
				LD_RUNPATH_SEARCH_PATHS = "$(inherited) @executable_path/Frameworks";
				PRODUCT_BUNDLE_IDENTIFIER = com.nygmarose.NygmaRoseBeautyShop;
				PRODUCT_NAME = "$(TARGET_NAME)";
				SWIFT_VERSION = 3.0;
			};
			name = Debug;
		};
		6354BB9F1F09259800EC1F5D /* Release */ = {
			isa = XCBuildConfiguration;
			buildSettings = {
				ASSETCATALOG_COMPILER_APPICON_NAME = AppIcon;
				INFOPLIST_FILE = "NygmaRose Beauty Shop/Info.plist";
				LD_RUNPATH_SEARCH_PATHS = "$(inherited) @executable_path/Frameworks";
				PRODUCT_BUNDLE_IDENTIFIER = com.nygmarose.NygmaRoseBeautyShop;
				PRODUCT_NAME = "$(TARGET_NAME)";
				SWIFT_VERSION = 3.0;
			};
			name = Release;
		};
		6354BBA11F09259800EC1F5D /* Debug */ = {
			isa = XCBuildConfiguration;
			buildSettings = {
				ALWAYS_EMBED_SWIFT_STANDARD_LIBRARIES = YES;
				BUNDLE_LOADER = "$(TEST_HOST)";
				INFOPLIST_FILE = "NygmaRose Beauty ShopTests/Info.plist";
				LD_RUNPATH_SEARCH_PATHS = "$(inherited) @executable_path/Frameworks @loader_path/Frameworks";
				PRODUCT_BUNDLE_IDENTIFIER = "com.nygmarose.NygmaRose-Beauty-ShopTests";
				PRODUCT_NAME = "$(TARGET_NAME)";
				SWIFT_VERSION = 3.0;
				TEST_HOST = "$(BUILT_PRODUCTS_DIR)/NygmaRose Beauty Shop.app/NygmaRose Beauty Shop";
			};
			name = Debug;
		};
		6354BBA21F09259800EC1F5D /* Release */ = {
			isa = XCBuildConfiguration;
			buildSettings = {
				ALWAYS_EMBED_SWIFT_STANDARD_LIBRARIES = YES;
				BUNDLE_LOADER = "$(TEST_HOST)";
				INFOPLIST_FILE = "NygmaRose Beauty ShopTests/Info.plist";
				LD_RUNPATH_SEARCH_PATHS = "$(inherited) @executable_path/Frameworks @loader_path/Frameworks";
				PRODUCT_BUNDLE_IDENTIFIER = "com.nygmarose.NygmaRose-Beauty-ShopTests";
				PRODUCT_NAME = "$(TARGET_NAME)";
				SWIFT_VERSION = 3.0;
				TEST_HOST = "$(BUILT_PRODUCTS_DIR)/NygmaRose Beauty Shop.app/NygmaRose Beauty Shop";
			};
			name = Release;
		};
		6354BBA41F09259800EC1F5D /* Debug */ = {
			isa = XCBuildConfiguration;
			buildSettings = {
				ALWAYS_EMBED_SWIFT_STANDARD_LIBRARIES = YES;
				INFOPLIST_FILE = "NygmaRose Beauty ShopUITests/Info.plist";
				LD_RUNPATH_SEARCH_PATHS = "$(inherited) @executable_path/Frameworks @loader_path/Frameworks";
				PRODUCT_BUNDLE_IDENTIFIER = "com.nygmarose.NygmaRose-Beauty-ShopUITests";
				PRODUCT_NAME = "$(TARGET_NAME)";
				SWIFT_VERSION = 3.0;
				TEST_TARGET_NAME = "NygmaRose Beauty Shop";
			};
			name = Debug;
		};
		6354BBA51F09259800EC1F5D /* Release */ = {
			isa = XCBuildConfiguration;
			buildSettings = {
				ALWAYS_EMBED_SWIFT_STANDARD_LIBRARIES = YES;
				INFOPLIST_FILE = "NygmaRose Beauty ShopUITests/Info.plist";
				LD_RUNPATH_SEARCH_PATHS = "$(inherited) @executable_path/Frameworks @loader_path/Frameworks";
				PRODUCT_BUNDLE_IDENTIFIER = "com.nygmarose.NygmaRose-Beauty-ShopUITests";
				PRODUCT_NAME = "$(TARGET_NAME)";
				SWIFT_VERSION = 3.0;
				TEST_TARGET_NAME = "NygmaRose Beauty Shop";
			};
			name = Release;
		};
/* End XCBuildConfiguration section */

/* Begin XCConfigurationList section */
		6354BB6D1F09259800EC1F5D /* Build configuration list for PBXProject "NygmaRose Beauty Shop" */ = {
			isa = XCConfigurationList;
			buildConfigurations = (
				6354BB9B1F09259800EC1F5D /* Debug */,
				6354BB9C1F09259800EC1F5D /* Release */,
			);
			defaultConfigurationIsVisible = 0;
			defaultConfigurationName = Release;
		};
		6354BB9D1F09259800EC1F5D /* Build configuration list for PBXNativeTarget "NygmaRose Beauty Shop" */ = {
			isa = XCConfigurationList;
			buildConfigurations = (
				6354BB9E1F09259800EC1F5D /* Debug */,
				6354BB9F1F09259800EC1F5D /* Release */,
			);
			defaultConfigurationIsVisible = 0;
		};
		6354BBA01F09259800EC1F5D /* Build configuration list for PBXNativeTarget "NygmaRose Beauty ShopTests" */ = {
			isa = XCConfigurationList;
			buildConfigurations = (
				6354BBA11F09259800EC1F5D /* Debug */,
				6354BBA21F09259800EC1F5D /* Release */,
			);
			defaultConfigurationIsVisible = 0;
		};
		6354BBA31F09259800EC1F5D /* Build configuration list for PBXNativeTarget "NygmaRose Beauty ShopUITests" */ = {
			isa = XCConfigurationList;
			buildConfigurations = (
				6354BBA41F09259800EC1F5D /* Debug */,
				6354BBA51F09259800EC1F5D /* Release */,
			);
			defaultConfigurationIsVisible = 0;
		};
/* End XCConfigurationList section */

/* Begin XCVersionGroup section */
		6354BB7C1F09259800EC1F5D /* NygmaRose_Beauty_Shop.xcdatamodeld */ = {
			isa = XCVersionGroup;
			children = (
				6354BB7D1F09259800EC1F5D /* NygmaRose_Beauty_Shop.xcdatamodel */,
			);
			currentVersion = 6354BB7D1F09259800EC1F5D /* NygmaRose_Beauty_Shop.xcdatamodel */;
			path = NygmaRose_Beauty_Shop.xcdatamodeld;
			sourceTree = "<group>";
			versionGroupType = wrapper.xcdatamodel;
		};
/* End XCVersionGroup section */
	};
	rootObject = 6354BB6A1F09259800EC1F5D /* Project object */;
}
